
Microsoft Visual Studio Solution File, Format Version 12.00
# Visual Studio Version 16
VisualStudioVersion = 16.0.30523.141
MinimumVisualStudioVersion = 10.0.40219.1
Project("{FAE04EC0-301F-11D3-BF4B-00C04F79EFBC}") = "WindowsFormsApp1", "WindowsFormsApp1\WindowsFormsApp1.csproj", "{4ECA246B-ACD0-43C1-A77E-2DC326D8A642}"
EndProject
Project("{54435603-DBB4-11D2-8724-00A0C9A8B90C}") = "試しパッケージ", "試しパッケージ\試しパッケージ.vdproj", "{D5D6CA94-6BC7-48BA-BEAE-03259B16635D}"
EndProject
Global
	GlobalSection(SolutionConfigurationPlatforms) = preSolution
		Debug|Any CPU = Debug|Any CPU
		Debug|x86 = Debug|x86
		Release|Any CPU = Release|Any CPU
		Release|x86 = Release|x86
	EndGlobalSection
	GlobalSection(ProjectConfigurationPlatforms) = postSolution
		{4ECA246B-ACD0-43C1-A77E-2DC326D8A642}.Debug|Any CPU.ActiveCfg = Debug|Any CPU
		{4ECA246B-ACD0-43C1-A77E-2DC326D8A642}.Debug|Any CPU.Build.0 = Debug|Any CPU
		{4ECA246B-ACD0-43C1-A77E-2DC326D8A642}.Debug|x86.ActiveCfg = Debug|x86
		{4ECA246B-ACD0-43C1-A77E-2DC326D8A642}.Debug|x86.Build.0 = Debug|x86
		{4ECA246B-ACD0-43C1-A77E-2DC326D8A642}.Release|Any CPU.ActiveCfg = Release|Any CPU
		{4ECA246B-ACD0-43C1-A77E-2DC326D8A642}.Release|Any CPU.Build.0 = Release|Any CPU
		{4ECA246B-ACD0-43C1-A77E-2DC326D8A642}.Release|x86.ActiveCfg = Release|x86
		{4ECA246B-ACD0-43C1-A77E-2DC326D8A642}.Release|x86.Build.0 = Release|x86
		{D5D6CA94-6BC7-48BA-BEAE-03259B16635D}.Debug|Any CPU.ActiveCfg = Debug
		{D5D6CA94-6BC7-48BA-BEAE-03259B16635D}.Debug|x86.ActiveCfg = Debug
		{D5D6CA94-6BC7-48BA-BEAE-03259B16635D}.Debug|x86.Build.0 = Debug
		{D5D6CA94-6BC7-48BA-BEAE-03259B16635D}.Release|Any CPU.ActiveCfg = Release
		{D5D6CA94-6BC7-48BA-BEAE-03259B16635D}.Release|x86.ActiveCfg = Release
		{D5D6CA94-6BC7-48BA-BEAE-03259B16635D}.Release|x86.Build.0 = Release
	EndGlobalSection
	GlobalSection(SolutionProperties) = preSolution
		HideSolutionNode = FALSE
	EndGlobalSection
	GlobalSection(ExtensibilityGlobals) = postSolution
		SolutionGuid = {42F01194-113A-4D83-84B5-A18E435950DF}
	EndGlobalSection
EndGlobal
